
Microsoft Visual Studio Solution File, Format Version 12.00
# Visual Studio Version 17
VisualStudioVersion = 17.6.33723.286
MinimumVisualStudioVersion = 10.0.40219.1
Project("{FAE04EC0-301F-11D3-BF4B-00C04F79EFBC}") = "calculatrice", "calculatrice\calculatrice.csproj", "{3E8627FB-AC90-4A2A-B8B5-44688A93D1A1}"
EndProject
Global
	GlobalSection(SolutionConfigurationPlatforms) = preSolution
		Debug|Any CPU = Debug|Any CPU
		Release|Any CPU = Release|Any CPU
	EndGlobalSection
	GlobalSection(ProjectConfigurationPlatforms) = postSolution
		{3E8627FB-AC90-4A2A-B8B5-44688A93D1A1}.Debug|Any CPU.ActiveCfg = Debug|Any CPU
		{3E8627FB-AC90-4A2A-B8B5-44688A93D1A1}.Debug|Any CPU.Build.0 = Debug|Any CPU
		{3E8627FB-AC90-4A2A-B8B5-44688A93D1A1}.Release|Any CPU.ActiveCfg = Release|Any CPU
		{3E8627FB-AC90-4A2A-B8B5-44688A93D1A1}.Release|Any CPU.Build.0 = Release|Any CPU
	EndGlobalSection
	GlobalSection(SolutionProperties) = preSolution
		HideSolutionNode = FALSE
	EndGlobalSection
	GlobalSection(ExtensibilityGlobals) = postSolution
		SolutionGuid = {CC525F0A-22A5-45F6-AA79-EBE8BFF8D045}
	EndGlobalSection
EndGlobal
